<?xml version="1.0" encoding="utf-8"?>
<Project ToolsVersion="4.0" xmlns="http://schemas.microsoft.com/developer/msbuild/2003">
  <ItemGroup>
    <Filter Include="Source Files">
      <UniqueIdentifier>{4FC737F1-C7A5-4376-A066-2A32D752A2FF}</UniqueIdentifier>
      <Extensions>cpp;c;cc;cxx;def;odl;idl;hpj;bat;asm;asmx</Extensions>
    </Filter>
    <Filter Include="Header Files">
      <UniqueIdentifier>{93995380-89BD-4b04-88EB-625FBE52EBFB}</UniqueIdentifier>
      <Extensions>h;hh;hpp;hxx;hm;inl;inc;ipp;xsd</Extensions>
    </Filter>
    <Filter Include="Resource Files">
      <UniqueIdentifier>{67DA6AB6-F800-4c08-8B7A-83BB121AAD01}</UniqueIdentifier>
      <Extensions>rc;ico;cur;bmp;dlg;rc2;rct;bin;rgs;gif;jpg;jpeg;jpe;resx;tiff;tif;png;wav;mfcribbon-ms</Extensions>
    </Filter>
  </ItemGroup>
  <ItemGroup>
    <ClInclude Include="lib\mocha\algorithm\chars-in-int.h">
      <Filter>Source Files</Filter>
    </ClInclude>
    <ClInclude Include="lib\mocha\console.h">
      <Filter>Source Files</Filter>
    </ClInclude>
    <ClInclude Include="lib\mocha\debug.h">
      <Filter>Source Files</Filter>
    </ClInclude>
    <ClInclude Include="lib\mocha\foreach.h">
      <Filter>Source Files</Filter>
    </ClInclude>
    <ClInclude Include="lib\mocha\map.h">
      <Filter>Source Files</Filter>
    </ClInclude>
    <ClInclude Include="lib\mocha\mocha.h">
      <Filter>Source Files</Filter>
    </ClInclude>
    <ClInclude Include="lib\mocha\pair.h">
      <Filter>Source Files</Filter>
    </ClInclude>
    <ClInclude Include="lib\mocha\random.h">
      <Filter>Source Files</Filter>
    </ClInclude>
    <ClInclude Include="lib\mocha\string\case.h">
      <Filter>Source Files</Filter>
    </ClInclude>
    <ClInclude Include="lib\mocha\string\contains.h">
      <Filter>Source Files</Filter>
    </ClInclude>
    <ClInclude Include="lib\mocha\string\find.h">
      <Filter>Source Files</Filter>
    </ClInclude>
    <ClInclude Include="lib\mocha\string\join.h">
      <Filter>Source Files</Filter>
    </ClInclude>
    <ClInclude Include="lib\mocha\string\split.h">
      <Filter>Source Files</Filter>
    </ClInclude>
    <ClInclude Include="lib\mocha\time.h">
      <Filter>Source Files</Filter>
    </ClInclude>
    <ClInclude Include="lib\mocha\vector\find.h">
      <Filter>Source Files</Filter>
    </ClInclude>
    <ClInclude Include="lib\mocha\vectors.h">
      <Filter>Source Files</Filter>
    </ClInclude>
    <ClInclude Include="lib\mocha\file.h">
      <Filter>Source Files</Filter>
    </ClInclude>
    <ClInclude Include="lib\mocha\math.h">
      <Filter>Source Files</Filter>
    </ClInclude>
    <ClInclude Include="lib\mocha\hex.h">
      <Filter>Source Files</Filter>
    </ClInclude>
  </ItemGroup>
</Project>